
Microsoft Visual Studio Solution File, Format Version 12.00
# Visual Studio Version 16
VisualStudioVersion = 16.0.31019.35
MinimumVisualStudioVersion = 10.0.40219.1
Project("{FAE04EC0-301F-11D3-BF4B-00C04F79EFBC}") = "CuzicGabriela", "CuzicGabriela\CuzicGabriela.csproj", "{63A1204A-3EEB-480E-9FCC-D6C867D4D73F}"
EndProject
Global
	GlobalSection(SolutionConfigurationPlatforms) = preSolution
		Debug|Any CPU = Debug|Any CPU
		Release|Any CPU = Release|Any CPU
	EndGlobalSection
	GlobalSection(ProjectConfigurationPlatforms) = postSolution
		{63A1204A-3EEB-480E-9FCC-D6C867D4D73F}.Debug|Any CPU.ActiveCfg = Debug|Any CPU
		{63A1204A-3EEB-480E-9FCC-D6C867D4D73F}.Debug|Any CPU.Build.0 = Debug|Any CPU
		{63A1204A-3EEB-480E-9FCC-D6C867D4D73F}.Release|Any CPU.ActiveCfg = Release|Any CPU
		{63A1204A-3EEB-480E-9FCC-D6C867D4D73F}.Release|Any CPU.Build.0 = Release|Any CPU
	EndGlobalSection
	GlobalSection(SolutionProperties) = preSolution
		HideSolutionNode = FALSE
	EndGlobalSection
	GlobalSection(ExtensibilityGlobals) = postSolution
		SolutionGuid = {023CE88D-BBC5-4A46-8900-FB1DB85C942A}
	EndGlobalSection
EndGlobal
